{
  "name": "maven-get-deps-site",
  "lockfileVersion": 3,
  "requires": true,
  "packages": {
    "": {
      "name": "maven-get-deps-site",
      "dependencies": {
        "@jsx6/jsx-dev-runtime": "1.8.17",
        "@jsx6/jsx-runtime": "1.8.17",
        "@jsx6/jsx6": "1.8.17",
        "@jsx6/signal": "1.8.17",
        "@jsx6/w": "1.8.17",
        "highlight.js": "^11.11.1",
        "marked": "^17.0.4"
      },
      "devDependencies": {
        "@types/bun": "latest"
      },
      "peerDependencies": {
        "typescript": "^5"
      }
    },
    "../../jsx6/libs/jsx-dev-runtime": {
      "name": "@jsx6/jsx-dev-runtime",
      "version": "1.8.17",
      "license": "MIT",
      "dependencies": {
        "@jsx6/jsx6": "workspace:*"
      },
      "devDependencies": {
        "esbuild": "catalog:"
      }
    },
    "../../jsx6/libs/jsx-runtime": {
      "name": "@jsx6/jsx-runtime",
      "version": "1.8.17",
      "license": "MIT",
      "dependencies": {
        "@jsx6/jsx6": "workspace:*"
      },
      "devDependencies": {
        "esbuild": "catalog:"
      }
    },
    "../../jsx6/libs/jsx6": {
      "name": "@jsx6/jsx6",
      "version": "1.8.17",
      "license": "MIT",
      "dependencies": {
        "@jsx6/jsx-dev-runtime": "workspace:*",
        "@jsx6/jsx-runtime": "workspace:*",
        "@jsx6/signal": "workspace:*"
      },
      "devDependencies": {
        "@happy-dom/global-registrator": "catalog:",
        "@jsx6/build": "workspace:*",
        "esbuild": "catalog:",
        "happy-dom": "catalog:",
        "typescript": "catalog:"
      }
    },
    "../../jsx6/libs/signal": {
      "name": "@jsx6/signal",
      "version": "1.8.17",
      "license": "MIT",
      "devDependencies": {
        "@happy-dom/global-registrator": "catalog:",
        "@types/node": "catalog:",
        "bun-types": "catalog:",
        "esbuild": "catalog:",
        "typescript": "catalog:"
      }
    },
    "../../jsx6/libs/w": {
      "name": "@jsx6/w",
      "version": "1.8.17",
      "license": "MIT",
      "dependencies": {
        "@jsx6/jsx-dev-runtime": "workspace:*",
        "@jsx6/jsx6": "workspace:*",
        "@jsx6/signal": "workspace:*"
      },
      "devDependencies": {
        "@happy-dom/global-registrator": "catalog:",
        "@types/bun": "catalog:",
        "bun-types": "catalog:",
        "entities": "^4.5.0",
        "esbuild": "catalog:",
        "happy-dom": "catalog:",
        "typescript": "catalog:",
        "webidl-conversions": "^7.0.0",
        "whatwg-mimetype": "^3.0.0"
      }
    },
    "node_modules/@jsx6/jsx-dev-runtime": {
      "resolved": "../../jsx6/libs/jsx-dev-runtime",
      "link": true
    },
    "node_modules/@jsx6/jsx-runtime": {
      "resolved": "../../jsx6/libs/jsx-runtime",
      "link": true
    },
    "node_modules/@jsx6/jsx6": {
      "resolved": "../../jsx6/libs/jsx6",
      "link": true
    },
    "node_modules/@jsx6/signal": {
      "resolved": "../../jsx6/libs/signal",
      "link": true
    },
    "node_modules/@jsx6/w": {
      "resolved": "../../jsx6/libs/w",
      "link": true
    },
    "node_modules/@types/bun": {
      "version": "1.3.10",
      "resolved": "https://registry.npmjs.org/@types/bun/-/bun-1.3.10.tgz",
      "integrity": "sha512-0+rlrUrOrTSskibryHbvQkDOWRJwJZqZlxrUs1u4oOoTln8+WIXBPmAuCF35SWB2z4Zl3E84Nl/D0P7803nigQ==",
      "dev": true,
      "license": "MIT",
      "dependencies": {
        "bun-types": "1.3.10"
      }
    },
    "node_modules/@types/node": {
      "version": "25.5.0",
      "dev": true,
      "license": "MIT",
      "dependencies": {
        "undici-types": "~7.18.0"
      }
    },
    "node_modules/bun-types": {
      "version": "1.3.10",
      "dev": true,
      "license": "MIT",
      "dependencies": {
        "@types/node": "*"
      }
    },
    "node_modules/highlight.js": {
      "version": "11.11.1",
      "license": "BSD-3-Clause",
      "engines": {
        "node": ">=12.0.0"
      }
    },
    "node_modules/marked": {
      "version": "17.0.4",
      "license": "MIT",
      "bin": {
        "marked": "bin/marked.js"
      },
      "engines": {
        "node": ">= 20"
      }
    },
    "node_modules/typescript": {
      "version": "5.9.3",
      "license": "Apache-2.0",
      "peer": true,
      "bin": {
        "tsc": "bin/tsc",
        "tsserver": "bin/tsserver"
      },
      "engines": {
        "node": ">=14.17"
      }
    },
    "node_modules/undici-types": {
      "version": "7.18.2",
      "dev": true,
      "license": "MIT"
    }
  }
}
